// !$*UTF8*$!
{
	archiveVersion = 1;
	classes = {
	};
	objectVersion = 46;
	objects = {

/* Begin PBXBuildFile section */
		8F0256F41B7CACCA00CC6343 /* main.m in Sources */ = {isa = PBXBuildFile; fileRef = 8F0256F31B7CACCA00CC6343 /* main.m */; };
		8F0256F71B7CACCA00CC6343 /* AppDelegate.m in Sources */ = {isa = PBXBuildFile; fileRef = 8F0256F61B7CACCA00CC6343 /* AppDelegate.m */; };
		8F0256FA1B7CACCA00CC6343 /* Slider.xcdatamodeld in Sources */ = {isa = PBXBuildFile; fileRef = 8F0256F81B7CACCA00CC6343 /* Slider.xcdatamodeld */; };
		8F0256FD1B7CACCA00CC6343 /* ViewController.m in Sources */ = {isa = PBXBuildFile; fileRef = 8F0256FC1B7CACCA00CC6343 /* ViewController.m */; };
		8F0257001B7CACCA00CC6343 /* Main.storyboard in Resources */ = {isa = PBXBuildFile; fileRef = 8F0256FE1B7CACCA00CC6343 /* Main.storyboard */; };
		8F0257021B7CACCA00CC6343 /* Images.xcassets in Resources */ = {isa = PBXBuildFile; fileRef = 8F0257011B7CACCA00CC6343 /* Images.xcassets */; };
		8F0257051B7CACCA00CC6343 /* LaunchScreen.xib in Resources */ = {isa = PBXBuildFile; fileRef = 8F0257031B7CACCA00CC6343 /* LaunchScreen.xib */; };
		8F0257111B7CACCA00CC6343 /* SliderTests.m in Sources */ = {isa = PBXBuildFile; fileRef = 8F0257101B7CACCA00CC6343 /* SliderTests.m */; };
		8F02571C1B7CACFD00CC6343 /* AferButtonSlider.m in Sources */ = {isa = PBXBuildFile; fileRef = 8F02571B1B7CACFD00CC6343 /* AferButtonSlider.m */; };
		8F0A50101B862D9D001A8159 /* women2.png in Resources */ = {isa = PBXBuildFile; fileRef = 8F0A500F1B862D9D001A8159 /* women2.png */; };
		8F8317661B7F9A2A0005CBB4 /* dddd.png in Resources */ = {isa = PBXBuildFile; fileRef = 8F8317651B7F9A2A0005CBB4 /* dddd.png */; };
/* End PBXBuildFile section */

/* Begin PBXContainerItemProxy section */
		8F02570B1B7CACCA00CC6343 /* PBXContainerItemProxy */ = {
			isa = PBXContainerItemProxy;
			containerPortal = 8F0256E61B7CACCA00CC6343 /* Project object */;
			proxyType = 1;
			remoteGlobalIDString = 8F0256ED1B7CACCA00CC6343;
			remoteInfo = Slider;
		};
/* End PBXContainerItemProxy section */

/* Begin PBXFileReference section */
		8F0256EE1B7CACCA00CC6343 /* Slider.app */ = {isa = PBXFileReference; explicitFileType = wrapper.application; includeInIndex = 0; path = Slider.app; sourceTree = BUILT_PRODUCTS_DIR; };
		8F0256F21B7CACCA00CC6343 /* Info.plist */ = {isa = PBXFileReference; lastKnownFileType = text.plist.xml; path = Info.plist; sourceTree = "<group>"; };
		8F0256F31B7CACCA00CC6343 /* main.m */ = {isa = PBXFileReference; lastKnownFileType = sourcecode.c.objc; path = main.m; sourceTree = "<group>"; };
		8F0256F51B7CACCA00CC6343 /* AppDelegate.h */ = {isa = PBXFileReference; lastKnownFileType = sourcecode.c.h; path = AppDelegate.h; sourceTree = "<group>"; };
		8F0256F61B7CACCA00CC6343 /* AppDelegate.m */ = {isa = PBXFileReference; lastKnownFileType = sourcecode.c.objc; path = AppDelegate.m; sourceTree = "<group>"; };
		8F0256F91B7CACCA00CC6343 /* Slider.xcdatamodel */ = {isa = PBXFileReference; lastKnownFileType = wrapper.xcdatamodel; path = Slider.xcdatamodel; sourceTree = "<group>"; };
		8F0256FB1B7CACCA00CC6343 /* ViewController.h */ = {isa = PBXFileReference; lastKnownFileType = sourcecode.c.h; path = ViewController.h; sourceTree = "<group>"; };
		8F0256FC1B7CACCA00CC6343 /* ViewController.m */ = {isa = PBXFileReference; lastKnownFileType = sourcecode.c.objc; path = ViewController.m; sourceTree = "<group>"; };
		8F0256FF1B7CACCA00CC6343 /* Base */ = {isa = PBXFileReference; lastKnownFileType = file.storyboard; name = Base; path = Base.lproj/Main.storyboard; sourceTree = "<group>"; };
		8F0257011B7CACCA00CC6343 /* Images.xcassets */ = {isa = PBXFileReference; lastKnownFileType = folder.assetcatalog; path = Images.xcassets; sourceTree = "<group>"; };
		8F0257041B7CACCA00CC6343 /* Base */ = {isa = PBXFileReference; lastKnownFileType = file.xib; name = Base; path = Base.lproj/LaunchScreen.xib; sourceTree = "<group>"; };
		8F02570A1B7CACCA00CC6343 /* SliderTests.xctest */ = {isa = PBXFileReference; explicitFileType = wrapper.cfbundle; includeInIndex = 0; path = SliderTests.xctest; sourceTree = BUILT_PRODUCTS_DIR; };
		8F02570F1B7CACCA00CC6343 /* Info.plist */ = {isa = PBXFileReference; lastKnownFileType = text.plist.xml; path = Info.plist; sourceTree = "<group>"; };
		8F0257101B7CACCA00CC6343 /* SliderTests.m */ = {isa = PBXFileReference; lastKnownFileType = sourcecode.c.objc; path = SliderTests.m; sourceTree = "<group>"; };
		8F02571A1B7CACFD00CC6343 /* AferButtonSlider.h */ = {isa = PBXFileReference; fileEncoding = 4; lastKnownFileType = sourcecode.c.h; path = AferButtonSlider.h; sourceTree = "<group>"; };
		8F02571B1B7CACFD00CC6343 /* AferButtonSlider.m */ = {isa = PBXFileReference; fileEncoding = 4; lastKnownFileType = sourcecode.c.objc; path = AferButtonSlider.m; sourceTree = "<group>"; };
		8F0A500F1B862D9D001A8159 /* women2.png */ = {isa = PBXFileReference; lastKnownFileType = image.png; path = women2.png; sourceTree = "<group>"; };
		8F8317651B7F9A2A0005CBB4 /* dddd.png */ = {isa = PBXFileReference; lastKnownFileType = image.png; path = dddd.png; sourceTree = "<group>"; };
/* End PBXFileReference section */

/* Begin PBXFrameworksBuildPhase section */
		8F0256EB1B7CACCA00CC6343 /* Frameworks */ = {
			isa = PBXFrameworksBuildPhase;
			buildActionMask = 2147483647;
			files = (
			);
			runOnlyForDeploymentPostprocessing = 0;
		};
		8F0257071B7CACCA00CC6343 /* Frameworks */ = {
			isa = PBXFrameworksBuildPhase;
			buildActionMask = 2147483647;
			files = (
			);
			runOnlyForDeploymentPostprocessing = 0;
		};
/* End PBXFrameworksBuildPhase section */

/* Begin PBXGroup section */
		8F0256E51B7CACCA00CC6343 = {
			isa = PBXGroup;
			children = (
				8F0256F01B7CACCA00CC6343 /* Slider */,
				8F02570D1B7CACCA00CC6343 /* SliderTests */,
				8F0256EF1B7CACCA00CC6343 /* Products */,
			);
			sourceTree = "<group>";
		};
		8F0256EF1B7CACCA00CC6343 /* Products */ = {
			isa = PBXGroup;
			children = (
				8F0256EE1B7CACCA00CC6343 /* Slider.app */,
				8F02570A1B7CACCA00CC6343 /* SliderTests.xctest */,
			);
			name = Products;
			sourceTree = "<group>";
		};
		8F0256F01B7CACCA00CC6343 /* Slider */ = {
			isa = PBXGroup;
			children = (
				8F0A500F1B862D9D001A8159 /* women2.png */,
				8F8317651B7F9A2A0005CBB4 /* dddd.png */,
				8F0256F51B7CACCA00CC6343 /* AppDelegate.h */,
				8F0256F61B7CACCA00CC6343 /* AppDelegate.m */,
				8F0256FB1B7CACCA00CC6343 /* ViewController.h */,
				8F0256FC1B7CACCA00CC6343 /* ViewController.m */,
				8F0256FE1B7CACCA00CC6343 /* Main.storyboard */,
				8F0257011B7CACCA00CC6343 /* Images.xcassets */,
				8F0257031B7CACCA00CC6343 /* LaunchScreen.xib */,
				8F0256F81B7CACCA00CC6343 /* Slider.xcdatamodeld */,
				8F0256F11B7CACCA00CC6343 /* Supporting Files */,
				8F02571A1B7CACFD00CC6343 /* AferButtonSlider.h */,
				8F02571B1B7CACFD00CC6343 /* AferButtonSlider.m */,
			);
			path = Slider;
			sourceTree = "<group>";
		};
		8F0256F11B7CACCA00CC6343 /* Supporting Files */ = {
			isa = PBXGroup;
			children = (
				8F0256F21B7CACCA00CC6343 /* Info.plist */,
				8F0256F31B7CACCA00CC6343 /* main.m */,
			);
			name = "Supporting Files";
			sourceTree = "<group>";
		};
		8F02570D1B7CACCA00CC6343 /* SliderTests */ = {
			isa = PBXGroup;
			children = (
				8F0257101B7CACCA00CC6343 /* SliderTests.m */,
				8F02570E1B7CACCA00CC6343 /* Supporting Files */,
			);
			path = SliderTests;
			sourceTree = "<group>";
		};
		8F02570E1B7CACCA00CC6343 /* Supporting Files */ = {
			isa = PBXGroup;
			children = (
				8F02570F1B7CACCA00CC6343 /* Info.plist */,
			);
			name = "Supporting Files";
			sourceTree = "<group>";
		};
/* End PBXGroup section */

/* Begin PBXNativeTarget section */
		8F0256ED1B7CACCA00CC6343 /* Slider */ = {
			isa = PBXNativeTarget;
			buildConfigurationList = 8F0257141B7CACCA00CC6343 /* Build configuration list for PBXNativeTarget "Slider" */;
			buildPhases = (
				8F0256EA1B7CACCA00CC6343 /* Sources */,
				8F0256EB1B7CACCA00CC6343 /* Frameworks */,
				8F0256EC1B7CACCA00CC6343 /* Resources */,
			);
			buildRules = (
			);
			dependencies = (
			);
			name = Slider;
			productName = Slider;
			productReference = 8F0256EE1B7CACCA00CC6343 /* Slider.app */;
			productType = "com.apple.product-type.application";
		};
		8F0257091B7CACCA00CC6343 /* SliderTests */ = {
			isa = PBXNativeTarget;
			buildConfigurationList = 8F0257171B7CACCA00CC6343 /* Build configuration list for PBXNativeTarget "SliderTests" */;
			buildPhases = (
				8F0257061B7CACCA00CC6343 /* Sources */,
				8F0257071B7CACCA00CC6343 /* Frameworks */,
				8F0257081B7CACCA00CC6343 /* Resources */,
			);
			buildRules = (
			);
			dependencies = (
				8F02570C1B7CACCA00CC6343 /* PBXTargetDependency */,
			);
			name = SliderTests;
			productName = SliderTests;
			productReference = 8F02570A1B7CACCA00CC6343 /* SliderTests.xctest */;
			productType = "com.apple.product-type.bundle.unit-test";
		};
/* End PBXNativeTarget section */

/* Begin PBXProject section */
		8F0256E61B7CACCA00CC6343 /* Project object */ = {
			isa = PBXProject;
			attributes = {
				LastUpgradeCheck = 0640;
				ORGANIZATIONNAME = Afer;
				TargetAttributes = {
					8F0256ED1B7CACCA00CC6343 = {
						CreatedOnToolsVersion = 6.4;
					};
					8F0257091B7CACCA00CC6343 = {
						CreatedOnToolsVersion = 6.4;
						TestTargetID = 8F0256ED1B7CACCA00CC6343;
					};
				};
			};
			buildConfigurationList = 8F0256E91B7CACCA00CC6343 /* Build configuration list for PBXProject "Slider" */;
			compatibilityVersion = "Xcode 3.2";
			developmentRegion = English;
			hasScannedForEncodings = 0;
			knownRegions = (
				en,
				Base,
			);
			mainGroup = 8F0256E51B7CACCA00CC6343;
			productRefGroup = 8F0256EF1B7CACCA00CC6343 /* Products */;
			projectDirPath = "";
			projectRoot = "";
			targets = (
				8F0256ED1B7CACCA00CC6343 /* Slider */,
				8F0257091B7CACCA00CC6343 /* SliderTests */,
			);
		};
/* End PBXProject section */

/* Begin PBXResourcesBuildPhase section */
		8F0256EC1B7CACCA00CC6343 /* Resources */ = {
			isa = PBXResourcesBuildPhase;
			buildActionMask = 2147483647;
			files = (
				8F0257001B7CACCA00CC6343 /* Main.storyboard in Resources */,
				8F0257051B7CACCA00CC6343 /* LaunchScreen.xib in Resources */,
				8F0257021B7CACCA00CC6343 /* Images.xcassets in Resources */,
				8F8317661B7F9A2A0005CBB4 /* dddd.png in Resources */,
				8F0A50101B862D9D001A8159 /* women2.png in Resources */,
			);
			runOnlyForDeploymentPostprocessing = 0;
		};
		8F0257081B7CACCA00CC6343 /* Resources */ = {
			isa = PBXResourcesBuildPhase;
			buildActionMask = 2147483647;
			files = (
			);
			runOnlyForDeploymentPostprocessing = 0;
		};
/* End PBXResourcesBuildPhase section */

/* Begin PBXSourcesBuildPhase section */
		8F0256EA1B7CACCA00CC6343 /* Sources */ = {
			isa = PBXSourcesBuildPhase;
			buildActionMask = 2147483647;
			files = (
				8F02571C1B7CACFD00CC6343 /* AferButtonSlider.m in Sources */,
				8F0256F71B7CACCA00CC6343 /* AppDelegate.m in Sources */,
				8F0256FA1B7CACCA00CC6343 /* Slider.xcdatamodeld in Sources */,
				8F0256FD1B7CACCA00CC6343 /* ViewController.m in Sources */,
				8F0256F41B7CACCA00CC6343 /* main.m in Sources */,
			);
			runOnlyForDeploymentPostprocessing = 0;
		};
		8F0257061B7CACCA00CC6343 /* Sources */ = {
			isa = PBXSourcesBuildPhase;
			buildActionMask = 2147483647;
			files = (
				8F0257111B7CACCA00CC6343 /* SliderTests.m in Sources */,
			);
			runOnlyForDeploymentPostprocessing = 0;
		};
/* End PBXSourcesBuildPhase section */

/* Begin PBXTargetDependency section */
		8F02570C1B7CACCA00CC6343 /* PBXTargetDependency */ = {
			isa = PBXTargetDependency;
			target = 8F0256ED1B7CACCA00CC6343 /* Slider */;
			targetProxy = 8F02570B1B7CACCA00CC6343 /* PBXContainerItemProxy */;
		};
/* End PBXTargetDependency section */

/* Begin PBXVariantGroup section */
		8F0256FE1B7CACCA00CC6343 /* Main.storyboard */ = {
			isa = PBXVariantGroup;
			children = (
				8F0256FF1B7CACCA00CC6343 /* Base */,
			);
			name = Main.storyboard;
			sourceTree = "<group>";
		};
		8F0257031B7CACCA00CC6343 /* LaunchScreen.xib */ = {
			isa = PBXVariantGroup;
			children = (
				8F0257041B7CACCA00CC6343 /* Base */,
			);
			name = LaunchScreen.xib;
			sourceTree = "<group>";
		};
/* End PBXVariantGroup section */

/* Begin XCBuildConfiguration section */
		8F0257121B7CACCA00CC6343 /* Debug */ = {
			isa = XCBuildConfiguration;
			buildSettings = {
				ALWAYS_SEARCH_USER_PATHS = NO;
				CLANG_CXX_LANGUAGE_STANDARD = "gnu++0x";
				CLANG_CXX_LIBRARY = "libc++";
				CLANG_ENABLE_MODULES = YES;
				CLANG_ENABLE_OBJC_ARC = YES;
				CLANG_WARN_BOOL_CONVERSION = YES;
				CLANG_WARN_CONSTANT_CONVERSION = YES;
				CLANG_WARN_DIRECT_OBJC_ISA_USAGE = YES_ERROR;
				CLANG_WARN_EMPTY_BODY = YES;
				CLANG_WARN_ENUM_CONVERSION = YES;
				CLANG_WARN_INT_CONVERSION = YES;
				CLANG_WARN_OBJC_ROOT_CLASS = YES_ERROR;
				CLANG_WARN_UNREACHABLE_CODE = YES;
				CLANG_WARN__DUPLICATE_METHOD_MATCH = YES;
				"CODE_SIGN_IDENTITY[sdk=iphoneos*]" = "iPhone Developer";
				COPY_PHASE_STRIP = NO;
				DEBUG_INFORMATION_FORMAT = "dwarf-with-dsym";
				ENABLE_STRICT_OBJC_MSGSEND = YES;
				GCC_C_LANGUAGE_STANDARD = gnu99;
				GCC_DYNAMIC_NO_PIC = NO;
				GCC_NO_COMMON_BLOCKS = YES;
				GCC_OPTIMIZATION_LEVEL = 0;
				GCC_PREPROCESSOR_DEFINITIONS = (
					"DEBUG=1",
					"$(inherited)",
				);
				GCC_SYMBOLS_PRIVATE_EXTERN = NO;
				GCC_WARN_64_TO_32_BIT_CONVERSION = YES;
				GCC_WARN_ABOUT_RETURN_TYPE = YES_ERROR;
				GCC_WARN_UNDECLARED_SELECTOR = YES;
				GCC_WARN_UNINITIALIZED_AUTOS = YES_AGGRESSIVE;
				GCC_WARN_UNUSED_FUNCTION = YES;
				GCC_WARN_UNUSED_VARIABLE = YES;
				IPHONEOS_DEPLOYMENT_TARGET = 8.4;
				MTL_ENABLE_DEBUG_INFO = YES;
				ONLY_ACTIVE_ARCH = YES;
				SDKROOT = iphoneos;
			};
			name = Debug;
		};
		8F0257131B7CACCA00CC6343 /* Release */ = {
			isa = XCBuildConfiguration;
			buildSettings = {
				ALWAYS_SEARCH_USER_PATHS = NO;
				CLANG_CXX_LANGUAGE_STANDARD = "gnu++0x";
				CLANG_CXX_LIBRARY = "libc++";
				CLANG_ENABLE_MODULES = YES;
				CLANG_ENABLE_OBJC_ARC = YES;
				CLANG_WARN_BOOL_CONVERSION = YES;
				CLANG_WARN_CONSTANT_CONVERSION = YES;
				CLANG_WARN_DIRECT_OBJC_ISA_USAGE = YES_ERROR;
				CLANG_WARN_EMPTY_BODY = YES;
				CLANG_WARN_ENUM_CONVERSION = YES;
				CLANG_WARN_INT_CONVERSION = YES;
				CLANG_WARN_OBJC_ROOT_CLASS = YES_ERROR;
				CLANG_WARN_UNREACHABLE_CODE = YES;
				CLANG_WARN__DUPLICATE_METHOD_MATCH = YES;
				"CODE_SIGN_IDENTITY[sdk=iphoneos*]" = "iPhone Developer";
				COPY_PHASE_STRIP = NO;
				DEBUG_INFORMATION_FORMAT = "dwarf-with-dsym";
				ENABLE_NS_ASSERTIONS = NO;
				ENABLE_STRICT_OBJC_MSGSEND = YES;
				GCC_C_LANGUAGE_STANDARD = gnu99;
				GCC_NO_COMMON_BLOCKS = YES;
				GCC_WARN_64_TO_32_BIT_CONVERSION = YES;
				GCC_WARN_ABOUT_RETURN_TYPE = YES_ERROR;
				GCC_WARN_UNDECLARED_SELECTOR = YES;
				GCC_WARN_UNINITIALIZED_AUTOS = YES_AGGRESSIVE;
				GCC_WARN_UNUSED_FUNCTION = YES;
				GCC_WARN_UNUSED_VARIABLE = YES;
				IPHONEOS_DEPLOYMENT_TARGET = 8.4;
				MTL_ENABLE_DEBUG_INFO = NO;
				SDKROOT = iphoneos;
				VALIDATE_PRODUCT = YES;
			};
			name = Release;
		};
		8F0257151B7CACCA00CC6343 /* Debug */ = {
			isa = XCBuildConfiguration;
			buildSettings = {
				ASSETCATALOG_COMPILER_APPICON_NAME = AppIcon;
				INFOPLIST_FILE = Slider/Info.plist;
				IPHONEOS_DEPLOYMENT_TARGET = 7.1;
				LD_RUNPATH_SEARCH_PATHS = "$(inherited) @executable_path/Frameworks";
				PRODUCT_NAME = "$(TARGET_NAME)";
			};
			name = Debug;
		};
		8F0257161B7CACCA00CC6343 /* Release */ = {
			isa = XCBuildConfiguration;
			buildSettings = {
				ASSETCATALOG_COMPILER_APPICON_NAME = AppIcon;
				INFOPLIST_FILE = Slider/Info.plist;
				IPHONEOS_DEPLOYMENT_TARGET = 7.1;
				LD_RUNPATH_SEARCH_PATHS = "$(inherited) @executable_path/Frameworks";
				PRODUCT_NAME = "$(TARGET_NAME)";
			};
			name = Release;
		};
		8F0257181B7CACCA00CC6343 /* Debug */ = {
			isa = XCBuildConfiguration;
			buildSettings = {
				BUNDLE_LOADER = "$(TEST_HOST)";
				FRAMEWORK_SEARCH_PATHS = (
					"$(SDKROOT)/Developer/Library/Frameworks",
					"$(inherited)",
				);
				GCC_PREPROCESSOR_DEFINITIONS = (
					"DEBUG=1",
					"$(inherited)",
				);
				INFOPLIST_FILE = SliderTests/Info.plist;
				LD_RUNPATH_SEARCH_PATHS = "$(inherited) @executable_path/Frameworks @loader_path/Frameworks";
				PRODUCT_NAME = "$(TARGET_NAME)";
				TEST_HOST = "$(BUILT_PRODUCTS_DIR)/Slider.app/Slider";
			};
			name = Debug;
		};
		8F0257191B7CACCA00CC6343 /* Release */ = {
			isa = XCBuildConfiguration;
			buildSettings = {
				BUNDLE_LOADER = "$(TEST_HOST)";
				FRAMEWORK_SEARCH_PATHS = (
					"$(SDKROOT)/Developer/Library/Frameworks",
					"$(inherited)",
				);
				INFOPLIST_FILE = SliderTests/Info.plist;
				LD_RUNPATH_SEARCH_PATHS = "$(inherited) @executable_path/Frameworks @loader_path/Frameworks";
				PRODUCT_NAME = "$(TARGET_NAME)";
				TEST_HOST = "$(BUILT_PRODUCTS_DIR)/Slider.app/Slider";
			};
			name = Release;
		};
/* End XCBuildConfiguration section */

/* Begin XCConfigurationList section */
		8F0256E91B7CACCA00CC6343 /* Build configuration list for PBXProject "Slider" */ = {
			isa = XCConfigurationList;
			buildConfigurations = (
				8F0257121B7CACCA00CC6343 /* Debug */,
				8F0257131B7CACCA00CC6343 /* Release */,
			);
			defaultConfigurationIsVisible = 0;
			defaultConfigurationName = Release;
		};
		8F0257141B7CACCA00CC6343 /* Build configuration list for PBXNativeTarget "Slider" */ = {
			isa = XCConfigurationList;
			buildConfigurations = (
				8F0257151B7CACCA00CC6343 /* Debug */,
				8F0257161B7CACCA00CC6343 /* Release */,
			);
			defaultConfigurationIsVisible = 0;
			defaultConfigurationName = Release;
		};
		8F0257171B7CACCA00CC6343 /* Build configuration list for PBXNativeTarget "SliderTests" */ = {
			isa = XCConfigurationList;
			buildConfigurations = (
				8F0257181B7CACCA00CC6343 /* Debug */,
				8F0257191B7CACCA00CC6343 /* Release */,
			);
			defaultConfigurationIsVisible = 0;
			defaultConfigurationName = Release;
		};
/* End XCConfigurationList section */

/* Begin XCVersionGroup section */
		8F0256F81B7CACCA00CC6343 /* Slider.xcdatamodeld */ = {
			isa = XCVersionGroup;
			children = (
				8F0256F91B7CACCA00CC6343 /* Slider.xcdatamodel */,
			);
			currentVersion = 8F0256F91B7CACCA00CC6343 /* Slider.xcdatamodel */;
			path = Slider.xcdatamodeld;
			sourceTree = "<group>";
			versionGroupType = wrapper.xcdatamodel;
		};
/* End XCVersionGroup section */
	};
	rootObject = 8F0256E61B7CACCA00CC6343 /* Project object */;
}
